{
  "pins" : [
    {
      "identity" : "lkrulerpicker",
      "kind" : "remoteSourceControl",
      "location" : "https://github.com/lalkrishna/LKRulerPicker",
      "state" : {
        "revision" : "c7fd719bed050f93b051e397732044519351ddd1",
        "version" : "1.1.0"
      }
    },
    {
      "identity" : "swiftkeychainwrapper",
      "kind" : "remoteSourceControl",
      "location" : "https://github.com/jrendel/SwiftKeychainWrapper",
      "state" : {
        "revision" : "185a3165346a03767101c4f62e9a545a0fe0530f",
        "version" : "4.0.1"
      }
    },
    {
      "identity" : "youtubeplayerkit",
      "kind" : "remoteSourceControl",
      "location" : "https://github.com/SvenTiigi/YouTubePlayerKit.git",
      "state" : {
        "revision" : "b2cf1e0c0b081594a51b229347d7c3b7d3aca5a1",
        "version" : "1.5.0"
      }
    }
  ],
  "version" : 2
}
